Microsoft Visual Studio Solution File, Format Version 12.00
# Visual Studio Version 17
VisualStudioVersion = 17.5.2.0
MinimumVisualStudioVersion = 10.0.40219.1
Project("{FAE04EC0-301F-11D3-BF4B-00C04F79EFBC}") = "MigracaoAD.Automator", "automator-dotnet\MigracaoAD.Automator.csproj", "{7BDEC95A-E3BA-EB8F-E55F-10ECC616BDB2}"
EndProject
Global
	GlobalSection(SolutionConfigurationPlatforms) = preSolution
		Debug|Any CPU = Debug|Any CPU
		Release|Any CPU = Release|Any CPU
	EndGlobalSection
	GlobalSection(ProjectConfigurationPlatforms) = postSolution
		{7BDEC95A-E3BA-EB8F-E55F-10ECC616BDB2}.Debug|Any CPU.ActiveCfg = Debug|Any CPU
		{7BDEC95A-E3BA-EB8F-E55F-10ECC616BDB2}.Debug|Any CPU.Build.0 = Debug|Any CPU
		{7BDEC95A-E3BA-EB8F-E55F-10ECC616BDB2}.Release|Any CPU.ActiveCfg = Release|Any CPU
		{7BDEC95A-E3BA-EB8F-E55F-10ECC616BDB2}.Release|Any CPU.Build.0 = Release|Any CPU
	EndGlobalSection
	GlobalSection(SolutionProperties) = preSolution
		HideSolutionNode = FALSE
	EndGlobalSection
	GlobalSection(ExtensibilityGlobals) = postSolution
		SolutionGuid = {9E2B4241-0187-41BA-9D95-459FDF531EF0}
	EndGlobalSection
EndGlobal
